
Microsoft Visual Studio Solution File, Format Version 12.00
# Visual Studio Version 16
VisualStudioVersion = 16.0.30804.86
MinimumVisualStudioVersion = 10.0.40219.1
Project("{2150E333-8FDC-42A3-9474-1A3956D46DE8}") = "Feature", "Feature", "{1671600F-DBC8-4471-8438-9C3D8C6D9FF0}"
	ProjectSection(SolutionItems) = preProject
		src\Feature\.gitkeep = src\Feature\.gitkeep
	EndProjectSection
EndProject
Project("{2150E333-8FDC-42A3-9474-1A3956D46DE8}") = "Foundation", "Foundation", "{016FE951-2DAD-4766-9046-9AADA8C0813A}"
	ProjectSection(SolutionItems) = preProject
		src\Foundation\.gitkeep = src\Foundation\.gitkeep
	EndProjectSection
EndProject
Project("{2150E333-8FDC-42A3-9474-1A3956D46DE8}") = "Project", "Project", "{267BA34F-96D4-483F-A088-BDBCB969CB38}"
	ProjectSection(SolutionItems) = preProject
		src\Project\.gitkeep = src\Project\.gitkeep
	EndProjectSection
EndProject
Project("{2150E333-8FDC-42A3-9474-1A3956D46DE8}") = "_Solution", "_Solution", "{DEF0D4AE-538F-404C-85D9-3A4CDEC20426}"
	ProjectSection(SolutionItems) = preProject
		.editorconfig = .editorconfig
		.gitattributes = .gitattributes
		.gitignore = .gitignore
		nuget.config = nuget.config
		README.md = README.md
		TdsGlobal.config = TdsGlobal.config
	EndProjectSection
EndProject
Project("{2150E333-8FDC-42A3-9474-1A3956D46DE8}") = "_Build", "_Build", "{CE51CD02-389F-47E7-9AF2-7D31FDC8DD12}"
	ProjectSection(SolutionItems) = preProject
		_build\AssemblyBindings.config = _build\AssemblyBindings.config
		Default.Properties.props.user = Default.Properties.props.user
		Directory.Build.props = Directory.Build.props
		Directory.Build.targets = Directory.Build.targets
	EndProjectSection
EndProject
Project("{2150E333-8FDC-42A3-9474-1A3956D46DE8}") = "props", "props", "{E0E8FA25-AA65-4C6A-8753-0CBDD7B5465B}"
	ProjectSection(SolutionItems) = preProject
		_build\props\_NetFramework.PublishProfile.props = _build\props\_NetFramework.PublishProfile.props
		_build\props\_NetFramework.References.props = _build\props\_NetFramework.References.props
		_build\props\_SitecoreHost.Client.props = _build\props\_SitecoreHost.Client.props
		_build\props\_SitecoreRoleType.props = _build\props\_SitecoreRoleType.props
		_build\props\_TestProject.props = _build\props\_TestProject.props
		_build\props\Default.Compiler.props = _build\props\Default.Compiler.props
		_build\props\Default.ProjectContent.props = _build\props\Default.ProjectContent.props
		_build\props\Default.Properties.props = _build\props\Default.Properties.props
		_build\props\Default.Publishing.props = _build\props\Default.Publishing.props
		_build\props\Identity.Publishing.props = _build\props\Identity.Publishing.props
		_build\props\Identity.References.props = _build\props\Identity.References.props
		_build\props\Website.Publishing.props = _build\props\Website.Publishing.props
		_build\props\Website.References.props = _build\props\Website.References.props
	EndProjectSection
EndProject
Project("{2150E333-8FDC-42A3-9474-1A3956D46DE8}") = "targets", "targets", "{C20164E9-03BE-40DC-B581-320D5E8CCB96}"
	ProjectSection(SolutionItems) = preProject
		_build\targets\AutoPublish.targets = _build\targets\AutoPublish.targets
		_build\targets\InvokeWebPublish.targets = _build\targets\InvokeWebPublish.targets
		_build\targets\PublishSingleItem.targets = _build\targets\PublishSingleItem.targets
		_build\targets\RemoveFilesFromPublish.targets = _build\targets\RemoveFilesFromPublish.targets
		_build\targets\TouchConfig.targets = _build\targets\TouchConfig.targets
		_build\targets\TransformXml.targets = _build\targets\TransformXml.targets
	EndProjectSection
EndProject
Project("{2150E333-8FDC-42A3-9474-1A3956D46DE8}") = "Commons", "Commons", "{260D8B4E-FCD6-4769-9738-8C7B68201D97}"
EndProject
Project("{9A19103F-16F7-4668-BE54-9A1E7A4F7556}") = "FruitCo.Project.Commons", "src\Project\Commons\code\FruitCo.Project.Commons.csproj", "{A78458F0-51DF-4D53-94FE-1893DEA5A018}"
EndProject
Project("{CAA73BB0-EF22-4D79-A57E-DF67B3BA9C80}") = "FruitCo.Project.Commons.tds.Master", "src\Project\Commons\tds\master\FruitCo.Project.Commons.tds.Master.scproj", "{A26BC436-F7A9-4337-B7CE-3D53CE41FDFE}"
EndProject
Project("{2150E333-8FDC-42A3-9474-1A3956D46DE8}") = "Nectaria", "Nectaria", "{64DDCE2D-1ACC-4FAF-B1D9-DB75B70C4C73}"
EndProject
Project("{9A19103F-16F7-4668-BE54-9A1E7A4F7556}") = "FruitCo.Project.Nectaria", "src\Project\Nectaria\code\FruitCo.Project.Nectaria.csproj", "{F340F383-CB56-4ABD-8421-32D074365285}"
EndProject
Global
	GlobalSection(SolutionConfigurationPlatforms) = preSolution
		Debug|Any CPU = Debug|Any CPU
		Release|Any CPU = Release|Any CPU
	EndGlobalSection
	GlobalSection(ProjectConfigurationPlatforms) = postSolution
		{A78458F0-51DF-4D53-94FE-1893DEA5A018}.Debug|Any CPU.ActiveCfg = Debug|Any CPU
		{A78458F0-51DF-4D53-94FE-1893DEA5A018}.Debug|Any CPU.Build.0 = Debug|Any CPU
		{A78458F0-51DF-4D53-94FE-1893DEA5A018}.Release|Any CPU.ActiveCfg = Release|Any CPU
		{A78458F0-51DF-4D53-94FE-1893DEA5A018}.Release|Any CPU.Build.0 = Release|Any CPU
		{A26BC436-F7A9-4337-B7CE-3D53CE41FDFE}.Debug|Any CPU.ActiveCfg = Debug|Any CPU
		{A26BC436-F7A9-4337-B7CE-3D53CE41FDFE}.Debug|Any CPU.Build.0 = Debug|Any CPU
		{A26BC436-F7A9-4337-B7CE-3D53CE41FDFE}.Debug|Any CPU.Deploy.0 = Debug|Any CPU
		{A26BC436-F7A9-4337-B7CE-3D53CE41FDFE}.Release|Any CPU.ActiveCfg = Release|Any CPU
		{A26BC436-F7A9-4337-B7CE-3D53CE41FDFE}.Release|Any CPU.Build.0 = Release|Any CPU
		{A26BC436-F7A9-4337-B7CE-3D53CE41FDFE}.Release|Any CPU.Deploy.0 = Release|Any CPU
		{F340F383-CB56-4ABD-8421-32D074365285}.Debug|Any CPU.ActiveCfg = Debug|Any CPU
		{F340F383-CB56-4ABD-8421-32D074365285}.Debug|Any CPU.Build.0 = Debug|Any CPU
		{F340F383-CB56-4ABD-8421-32D074365285}.Release|Any CPU.ActiveCfg = Release|Any CPU
		{F340F383-CB56-4ABD-8421-32D074365285}.Release|Any CPU.Build.0 = Release|Any CPU
	EndGlobalSection
	GlobalSection(SolutionProperties) = preSolution
		HideSolutionNode = FALSE
	EndGlobalSection
	GlobalSection(NestedProjects) = preSolution
		{E0E8FA25-AA65-4C6A-8753-0CBDD7B5465B} = {CE51CD02-389F-47E7-9AF2-7D31FDC8DD12}
		{C20164E9-03BE-40DC-B581-320D5E8CCB96} = {CE51CD02-389F-47E7-9AF2-7D31FDC8DD12}
		{260D8B4E-FCD6-4769-9738-8C7B68201D97} = {267BA34F-96D4-483F-A088-BDBCB969CB38}
		{A78458F0-51DF-4D53-94FE-1893DEA5A018} = {260D8B4E-FCD6-4769-9738-8C7B68201D97}
		{A26BC436-F7A9-4337-B7CE-3D53CE41FDFE} = {260D8B4E-FCD6-4769-9738-8C7B68201D97}
		{64DDCE2D-1ACC-4FAF-B1D9-DB75B70C4C73} = {267BA34F-96D4-483F-A088-BDBCB969CB38}
		{F340F383-CB56-4ABD-8421-32D074365285} = {64DDCE2D-1ACC-4FAF-B1D9-DB75B70C4C73}
	EndGlobalSection
	GlobalSection(ExtensibilityGlobals) = postSolution
		SolutionGuid = {C405606C-0C92-45A4-9DE5-9ABD79210A10}
	EndGlobalSection
EndGlobal
