
Microsoft Visual Studio Solution File, Format Version 12.00
# Visual Studio Version 16
VisualStudioVersion = 16.0.30804.86
MinimumVisualStudioVersion = 10.0.40219.1
Project("{2150E333-8FDC-42A3-9474-1A3956D46DE8}") = "Feature", "Feature", "{1671600F-DBC8-4471-8438-9C3D8C6D9FF0}"
	ProjectSection(SolutionItems) = preProject
		src\Feature\.gitkeep = src\Feature\.gitkeep
	EndProjectSection
EndProject
Project("{2150E333-8FDC-42A3-9474-1A3956D46DE8}") = "Foundation", "Foundation", "{016FE951-2DAD-4766-9046-9AADA8C0813A}"
	ProjectSection(SolutionItems) = preProject
		src\Foundation\.gitkeep = src\Foundation\.gitkeep
	EndProjectSection
EndProject
Project("{2150E333-8FDC-42A3-9474-1A3956D46DE8}") = "Project", "Project", "{267BA34F-96D4-483F-A088-BDBCB969CB38}"
	ProjectSection(SolutionItems) = preProject
		src\Project\.gitkeep = src\Project\.gitkeep
	EndProjectSection
EndProject
Project("{2150E333-8FDC-42A3-9474-1A3956D46DE8}") = "_Solution", "_Solution", "{DEF0D4AE-538F-404C-85D9-3A4CDEC20426}"
	ProjectSection(SolutionItems) = preProject
		.editorconfig = .editorconfig
		.gitattributes = .gitattributes
		.gitignore = .gitignore
		nuget.config = nuget.config
		README.md = README.md
		TdsGlobal.config = TdsGlobal.config
	EndProjectSection
EndProject
Project("{2150E333-8FDC-42A3-9474-1A3956D46DE8}") = "Commons", "Commons", "{260D8B4E-FCD6-4769-9738-8C7B68201D97}"
EndProject
Project("{9A19103F-16F7-4668-BE54-9A1E7A4F7556}") = "FruitCo.Project.Commons", "src\Project\Commons\code\FruitCo.Project.Commons.csproj", "{A78458F0-51DF-4D53-94FE-1893DEA5A018}"
EndProject
Project("{CAA73BB0-EF22-4D79-A57E-DF67B3BA9C80}") = "FruitCo.Project.Commons.tds.Master", "src\Project\Commons\tds\master\FruitCo.Project.Commons.tds.Master.scproj", "{A26BC436-F7A9-4337-B7CE-3D53CE41FDFE}"
EndProject
Project("{2150E333-8FDC-42A3-9474-1A3956D46DE8}") = "Nectaria", "Nectaria", "{64DDCE2D-1ACC-4FAF-B1D9-DB75B70C4C73}"
EndProject
Project("{9A19103F-16F7-4668-BE54-9A1E7A4F7556}") = "FruitCo.Project.Nectaria", "src\Project\Nectaria\code\FruitCo.Project.Nectaria.csproj", "{F340F383-CB56-4ABD-8421-32D074365285}"
EndProject
Project("{2150E333-8FDC-42A3-9474-1A3956D46DE8}") = "Header", "Header", "{C7FC3123-67D3-479A-837E-F278FF724129}"
EndProject
Project("{CAA73BB0-EF22-4D79-A57E-DF67B3BA9C80}") = "FruitCo.Feature.Header.tds.Master", "src\Feature\Header\tds\master\FruitCo.Feature.Header.tds.Master.scproj", "{83E903D4-5B9B-422D-85FF-9097DA7D7DB0}"
EndProject
Project("{9A19103F-16F7-4668-BE54-9A1E7A4F7556}") = "FruitCo.Feature.Header", "src\Feature\Header\code\FruitCo.Feature.Header.csproj", "{D7A6E2E2-8829-41A8-83A5-9C5450CCBA02}"
EndProject
Project("{2150E333-8FDC-42A3-9474-1A3956D46DE8}") = "Logo", "Logo", "{29E3F168-82F5-4840-865A-60CE8848F7BE}"
EndProject
Project("{9A19103F-16F7-4668-BE54-9A1E7A4F7556}") = "FruitCo.Feature.Logo", "src\Feature\Logo\code\FruitCo.Feature.Logo.csproj", "{43E81D1C-08D8-4CF8-A3FD-1847A6C06445}"
EndProject
Project("{CAA73BB0-EF22-4D79-A57E-DF67B3BA9C80}") = "FruitCo.Feature.Logo.tds.Master", "src\Feature\Logo\tds\master\FruitCo.Feature.Logo.tds.Master.scproj", "{F4CA1BB3-92A3-476E-A5B2-1F15DE9CC411}"
EndProject
Project("{2150E333-8FDC-42A3-9474-1A3956D46DE8}") = "EnterpriseStructure", "EnterpriseStructure", "{5407AD25-2554-4265-8531-317EF17DD5BA}"
EndProject
Project("{9A19103F-16F7-4668-BE54-9A1E7A4F7556}") = "FruitCo.Foundation.EnterpriseStructure", "src\Foundation\EnterpriseStructure\code\FruitCo.Foundation.EnterpriseStructure.csproj", "{5E42CDB0-02B4-499A-8645-D21566A0F049}"
EndProject
Project("{CAA73BB0-EF22-4D79-A57E-DF67B3BA9C80}") = "FruitCo.Foundation.EnterpriseStructure.tds.Master", "src\Foundation\EnterpriseStructure\tds\master\FruitCo.Foundation.EnterpriseStructure.tds.Master.scproj", "{669265BE-2C37-4ED1-9978-1B2D8E415186}"
EndProject
Project("{2150E333-8FDC-42A3-9474-1A3956D46DE8}") = "Website", "Website", "{34764A89-17C1-47DF-B948-B88940B4E141}"
EndProject
Project("{2150E333-8FDC-42A3-9474-1A3956D46DE8}") = "Deploy", "Deploy", "{A869FAE3-1781-401D-990D-4C6544D5A7F1}"
EndProject
Project("{FAE04EC0-301F-11D3-BF4B-00C04F79EFBC}") = "FruitCo.Website.Deploy", "src\Website\Deploy\code\FruitCo.Website.Deploy.csproj", "{162B45AB-1F50-40D6-8560-DE5A0F48E235}"
EndProject
Project("{2150E333-8FDC-42A3-9474-1A3956D46DE8}") = "DI", "DI", "{D9BCE1F5-4166-4129-921A-8FADB60E67CF}"
EndProject
Project("{9A19103F-16F7-4668-BE54-9A1E7A4F7556}") = "FruitCo.Foundation.DI", "src\Foundation\DI\code\FruitCo.Foundation.DI.csproj", "{AE49615A-0822-49FD-99FA-7E2C07524342}"
EndProject
Project("{2150E333-8FDC-42A3-9474-1A3956D46DE8}") = "Core", "Core", "{827824E0-F25E-43CC-9B16-ACB47B4C3EDD}"
EndProject
Project("{9A19103F-16F7-4668-BE54-9A1E7A4F7556}") = "FruitCo.Foundation.Core", "src\Foundation\Core\code\FruitCo.Foundation.Core.csproj", "{2831CB6C-DF91-4E2C-B2ED-F389CBA89FFE}"
EndProject
Project("{2150E333-8FDC-42A3-9474-1A3956D46DE8}") = ".github", ".github", "{D48AF0E2-F42E-452F-8339-2FA9A8FA8C8F}"
	ProjectSection(SolutionItems) = preProject
		.github\workflows\helixcheck.yml = .github\workflows\helixcheck.yml
		.github\workflows\msbuild-CI.yml = .github\workflows\msbuild-CI.yml
	EndProjectSection
EndProject
Global
	GlobalSection(SolutionConfigurationPlatforms) = preSolution
		Debug|Any CPU = Debug|Any CPU
		Release|Any CPU = Release|Any CPU
	EndGlobalSection
	GlobalSection(ProjectConfigurationPlatforms) = postSolution
		{A78458F0-51DF-4D53-94FE-1893DEA5A018}.Debug|Any CPU.ActiveCfg = Debug|Any CPU
		{A78458F0-51DF-4D53-94FE-1893DEA5A018}.Debug|Any CPU.Build.0 = Debug|Any CPU
		{A78458F0-51DF-4D53-94FE-1893DEA5A018}.Release|Any CPU.ActiveCfg = Release|Any CPU
		{A78458F0-51DF-4D53-94FE-1893DEA5A018}.Release|Any CPU.Build.0 = Release|Any CPU
		{A26BC436-F7A9-4337-B7CE-3D53CE41FDFE}.Debug|Any CPU.ActiveCfg = Debug|Any CPU
		{A26BC436-F7A9-4337-B7CE-3D53CE41FDFE}.Debug|Any CPU.Build.0 = Debug|Any CPU
		{A26BC436-F7A9-4337-B7CE-3D53CE41FDFE}.Debug|Any CPU.Deploy.0 = Debug|Any CPU
		{A26BC436-F7A9-4337-B7CE-3D53CE41FDFE}.Release|Any CPU.ActiveCfg = Release|Any CPU
		{A26BC436-F7A9-4337-B7CE-3D53CE41FDFE}.Release|Any CPU.Build.0 = Release|Any CPU
		{A26BC436-F7A9-4337-B7CE-3D53CE41FDFE}.Release|Any CPU.Deploy.0 = Release|Any CPU
		{F340F383-CB56-4ABD-8421-32D074365285}.Debug|Any CPU.ActiveCfg = Debug|Any CPU
		{F340F383-CB56-4ABD-8421-32D074365285}.Debug|Any CPU.Build.0 = Debug|Any CPU
		{F340F383-CB56-4ABD-8421-32D074365285}.Release|Any CPU.ActiveCfg = Release|Any CPU
		{F340F383-CB56-4ABD-8421-32D074365285}.Release|Any CPU.Build.0 = Release|Any CPU
		{83E903D4-5B9B-422D-85FF-9097DA7D7DB0}.Debug|Any CPU.ActiveCfg = Debug|Any CPU
		{83E903D4-5B9B-422D-85FF-9097DA7D7DB0}.Debug|Any CPU.Build.0 = Debug|Any CPU
		{83E903D4-5B9B-422D-85FF-9097DA7D7DB0}.Debug|Any CPU.Deploy.0 = Debug|Any CPU
		{83E903D4-5B9B-422D-85FF-9097DA7D7DB0}.Release|Any CPU.ActiveCfg = Release|Any CPU
		{83E903D4-5B9B-422D-85FF-9097DA7D7DB0}.Release|Any CPU.Build.0 = Release|Any CPU
		{83E903D4-5B9B-422D-85FF-9097DA7D7DB0}.Release|Any CPU.Deploy.0 = Release|Any CPU
		{D7A6E2E2-8829-41A8-83A5-9C5450CCBA02}.Debug|Any CPU.ActiveCfg = Debug|Any CPU
		{D7A6E2E2-8829-41A8-83A5-9C5450CCBA02}.Debug|Any CPU.Build.0 = Debug|Any CPU
		{D7A6E2E2-8829-41A8-83A5-9C5450CCBA02}.Release|Any CPU.ActiveCfg = Release|Any CPU
		{D7A6E2E2-8829-41A8-83A5-9C5450CCBA02}.Release|Any CPU.Build.0 = Release|Any CPU
		{43E81D1C-08D8-4CF8-A3FD-1847A6C06445}.Debug|Any CPU.ActiveCfg = Debug|Any CPU
		{43E81D1C-08D8-4CF8-A3FD-1847A6C06445}.Debug|Any CPU.Build.0 = Debug|Any CPU
		{43E81D1C-08D8-4CF8-A3FD-1847A6C06445}.Release|Any CPU.ActiveCfg = Release|Any CPU
		{43E81D1C-08D8-4CF8-A3FD-1847A6C06445}.Release|Any CPU.Build.0 = Release|Any CPU
		{F4CA1BB3-92A3-476E-A5B2-1F15DE9CC411}.Debug|Any CPU.ActiveCfg = Debug|Any CPU
		{F4CA1BB3-92A3-476E-A5B2-1F15DE9CC411}.Debug|Any CPU.Build.0 = Debug|Any CPU
		{F4CA1BB3-92A3-476E-A5B2-1F15DE9CC411}.Debug|Any CPU.Deploy.0 = Debug|Any CPU
		{F4CA1BB3-92A3-476E-A5B2-1F15DE9CC411}.Release|Any CPU.ActiveCfg = Release|Any CPU
		{F4CA1BB3-92A3-476E-A5B2-1F15DE9CC411}.Release|Any CPU.Build.0 = Release|Any CPU
		{F4CA1BB3-92A3-476E-A5B2-1F15DE9CC411}.Release|Any CPU.Deploy.0 = Release|Any CPU
		{5E42CDB0-02B4-499A-8645-D21566A0F049}.Debug|Any CPU.ActiveCfg = Debug|Any CPU
		{5E42CDB0-02B4-499A-8645-D21566A0F049}.Debug|Any CPU.Build.0 = Debug|Any CPU
		{5E42CDB0-02B4-499A-8645-D21566A0F049}.Release|Any CPU.ActiveCfg = Release|Any CPU
		{5E42CDB0-02B4-499A-8645-D21566A0F049}.Release|Any CPU.Build.0 = Release|Any CPU
		{669265BE-2C37-4ED1-9978-1B2D8E415186}.Debug|Any CPU.ActiveCfg = Debug|Any CPU
		{669265BE-2C37-4ED1-9978-1B2D8E415186}.Debug|Any CPU.Build.0 = Debug|Any CPU
		{669265BE-2C37-4ED1-9978-1B2D8E415186}.Debug|Any CPU.Deploy.0 = Debug|Any CPU
		{669265BE-2C37-4ED1-9978-1B2D8E415186}.Release|Any CPU.ActiveCfg = Release|Any CPU
		{669265BE-2C37-4ED1-9978-1B2D8E415186}.Release|Any CPU.Build.0 = Release|Any CPU
		{669265BE-2C37-4ED1-9978-1B2D8E415186}.Release|Any CPU.Deploy.0 = Release|Any CPU
		{162B45AB-1F50-40D6-8560-DE5A0F48E235}.Debug|Any CPU.ActiveCfg = Debug|Any CPU
		{162B45AB-1F50-40D6-8560-DE5A0F48E235}.Debug|Any CPU.Build.0 = Debug|Any CPU
		{162B45AB-1F50-40D6-8560-DE5A0F48E235}.Release|Any CPU.ActiveCfg = Release|Any CPU
		{162B45AB-1F50-40D6-8560-DE5A0F48E235}.Release|Any CPU.Build.0 = Release|Any CPU
		{AE49615A-0822-49FD-99FA-7E2C07524342}.Debug|Any CPU.ActiveCfg = Debug|Any CPU
		{AE49615A-0822-49FD-99FA-7E2C07524342}.Debug|Any CPU.Build.0 = Debug|Any CPU
		{AE49615A-0822-49FD-99FA-7E2C07524342}.Release|Any CPU.ActiveCfg = Release|Any CPU
		{AE49615A-0822-49FD-99FA-7E2C07524342}.Release|Any CPU.Build.0 = Release|Any CPU
		{2831CB6C-DF91-4E2C-B2ED-F389CBA89FFE}.Debug|Any CPU.ActiveCfg = Debug|Any CPU
		{2831CB6C-DF91-4E2C-B2ED-F389CBA89FFE}.Debug|Any CPU.Build.0 = Debug|Any CPU
		{2831CB6C-DF91-4E2C-B2ED-F389CBA89FFE}.Release|Any CPU.ActiveCfg = Release|Any CPU
		{2831CB6C-DF91-4E2C-B2ED-F389CBA89FFE}.Release|Any CPU.Build.0 = Release|Any CPU
	EndGlobalSection
	GlobalSection(SolutionProperties) = preSolution
		HideSolutionNode = FALSE
	EndGlobalSection
	GlobalSection(NestedProjects) = preSolution
		{260D8B4E-FCD6-4769-9738-8C7B68201D97} = {267BA34F-96D4-483F-A088-BDBCB969CB38}
		{A78458F0-51DF-4D53-94FE-1893DEA5A018} = {260D8B4E-FCD6-4769-9738-8C7B68201D97}
		{A26BC436-F7A9-4337-B7CE-3D53CE41FDFE} = {260D8B4E-FCD6-4769-9738-8C7B68201D97}
		{64DDCE2D-1ACC-4FAF-B1D9-DB75B70C4C73} = {267BA34F-96D4-483F-A088-BDBCB969CB38}
		{F340F383-CB56-4ABD-8421-32D074365285} = {64DDCE2D-1ACC-4FAF-B1D9-DB75B70C4C73}
		{C7FC3123-67D3-479A-837E-F278FF724129} = {1671600F-DBC8-4471-8438-9C3D8C6D9FF0}
		{83E903D4-5B9B-422D-85FF-9097DA7D7DB0} = {C7FC3123-67D3-479A-837E-F278FF724129}
		{D7A6E2E2-8829-41A8-83A5-9C5450CCBA02} = {C7FC3123-67D3-479A-837E-F278FF724129}
		{29E3F168-82F5-4840-865A-60CE8848F7BE} = {1671600F-DBC8-4471-8438-9C3D8C6D9FF0}
		{43E81D1C-08D8-4CF8-A3FD-1847A6C06445} = {29E3F168-82F5-4840-865A-60CE8848F7BE}
		{F4CA1BB3-92A3-476E-A5B2-1F15DE9CC411} = {29E3F168-82F5-4840-865A-60CE8848F7BE}
		{5407AD25-2554-4265-8531-317EF17DD5BA} = {016FE951-2DAD-4766-9046-9AADA8C0813A}
		{5E42CDB0-02B4-499A-8645-D21566A0F049} = {5407AD25-2554-4265-8531-317EF17DD5BA}
		{669265BE-2C37-4ED1-9978-1B2D8E415186} = {5407AD25-2554-4265-8531-317EF17DD5BA}
		{A869FAE3-1781-401D-990D-4C6544D5A7F1} = {34764A89-17C1-47DF-B948-B88940B4E141}
		{162B45AB-1F50-40D6-8560-DE5A0F48E235} = {A869FAE3-1781-401D-990D-4C6544D5A7F1}
		{D9BCE1F5-4166-4129-921A-8FADB60E67CF} = {016FE951-2DAD-4766-9046-9AADA8C0813A}
		{AE49615A-0822-49FD-99FA-7E2C07524342} = {D9BCE1F5-4166-4129-921A-8FADB60E67CF}
		{827824E0-F25E-43CC-9B16-ACB47B4C3EDD} = {016FE951-2DAD-4766-9046-9AADA8C0813A}
		{2831CB6C-DF91-4E2C-B2ED-F389CBA89FFE} = {827824E0-F25E-43CC-9B16-ACB47B4C3EDD}
		{D48AF0E2-F42E-452F-8339-2FA9A8FA8C8F} = {DEF0D4AE-538F-404C-85D9-3A4CDEC20426}
	EndGlobalSection
	GlobalSection(ExtensibilityGlobals) = postSolution
		SolutionGuid = {C405606C-0C92-45A4-9DE5-9ABD79210A10}
	EndGlobalSection
EndGlobal
